// !$*UTF8*$!
{
	archiveVersion = 1;
	classes = {
	};
	objectVersion = 50;
	objects = {

/* Begin PBXBuildFile section */
		28A8772322A02A1E00CD1D8C /* ElegirContactoViewController.swift in Sources */ = {isa = PBXBuildFile; fileRef = 28A8772222A02A1E00CD1D8C /* ElegirContactoViewController.swift */; };
		28A8772622A0331D00CD1D8C /* Usuario.swift in Sources */ = {isa = PBXBuildFile; fileRef = 28A8772522A0331D00CD1D8C /* Usuario.swift */; };
		58A7B5CC229F0E5800C03CAC /* AppDelegate.swift in Sources */ = {isa = PBXBuildFile; fileRef = 58A7B5CB229F0E5800C03CAC /* AppDelegate.swift */; };
		58A7B5CE229F0E5800C03CAC /* iniciarSesionViewcontroller.swift in Sources */ = {isa = PBXBuildFile; fileRef = 58A7B5CD229F0E5800C03CAC /* iniciarSesionViewcontroller.swift */; };
		58A7B5D1229F0E5800C03CAC /* Main.storyboard in Resources */ = {isa = PBXBuildFile; fileRef = 58A7B5CF229F0E5800C03CAC /* Main.storyboard */; };
		58A7B5D3229F0E5900C03CAC /* Assets.xcassets in Resources */ = {isa = PBXBuildFile; fileRef = 58A7B5D2229F0E5900C03CAC /* Assets.xcassets */; };
		58A7B5D6229F0E5900C03CAC /* LaunchScreen.storyboard in Resources */ = {isa = PBXBuildFile; fileRef = 58A7B5D4229F0E5900C03CAC /* LaunchScreen.storyboard */; };
		58A7B5DE229F107F00C03CAC /* GoogleService-Info.plist in Resources */ = {isa = PBXBuildFile; fileRef = 58A7B5DD229F107F00C03CAC /* GoogleService-Info.plist */; };
		58A7B5E0229F1E3200C03CAC /* RegisterViewController.swift in Sources */ = {isa = PBXBuildFile; fileRef = 58A7B5DF229F1E3200C03CAC /* RegisterViewController.swift */; };
		58A7B5E2229F3FDD00C03CAC /* LogeadoViewController.swift in Sources */ = {isa = PBXBuildFile; fileRef = 58A7B5E1229F3FDD00C03CAC /* LogeadoViewController.swift */; };
		D67AB27A8FCF6DF2480005E5 /* Pods_WhatsAppIOS.framework in Frameworks */ = {isa = PBXBuildFile; fileRef = BFFBEBFF00E80665ECF78991 /* Pods_WhatsAppIOS.framework */; };
/* End PBXBuildFile section */

/* Begin PBXFileReference section */
		275ACCA2B9118AE3E9381A3F /* Pods-WhatsAppIOS.debug.xcconfig */ = {isa = PBXFileReference; includeInIndex = 1; lastKnownFileType = text.xcconfig; name = "Pods-WhatsAppIOS.debug.xcconfig"; path = "Target Support Files/Pods-WhatsAppIOS/Pods-WhatsAppIOS.debug.xcconfig"; sourceTree = "<group>"; };
		28A8772222A02A1E00CD1D8C /* ElegirContactoViewController.swift */ = {isa = PBXFileReference; lastKnownFileType = sourcecode.swift; path = ElegirContactoViewController.swift; sourceTree = "<group>"; };
		28A8772522A0331D00CD1D8C /* Usuario.swift */ = {isa = PBXFileReference; lastKnownFileType = sourcecode.swift; path = Usuario.swift; sourceTree = "<group>"; };
		50A7569367350FAA9873C9A7 /* Pods-WhatsAppIOS.release.xcconfig */ = {isa = PBXFileReference; includeInIndex = 1; lastKnownFileType = text.xcconfig; name = "Pods-WhatsAppIOS.release.xcconfig"; path = "Target Support Files/Pods-WhatsAppIOS/Pods-WhatsAppIOS.release.xcconfig"; sourceTree = "<group>"; };
		58A7B5C8229F0E5800C03CAC /* WhatsAppIOS.app */ = {isa = PBXFileReference; explicitFileType = wrapper.application; includeInIndex = 0; path = WhatsAppIOS.app; sourceTree = BUILT_PRODUCTS_DIR; };
		58A7B5CB229F0E5800C03CAC /* AppDelegate.swift */ = {isa = PBXFileReference; lastKnownFileType = sourcecode.swift; path = AppDelegate.swift; sourceTree = "<group>"; };
		58A7B5CD229F0E5800C03CAC /* iniciarSesionViewcontroller.swift */ = {isa = PBXFileReference; lastKnownFileType = sourcecode.swift; path = iniciarSesionViewcontroller.swift; sourceTree = "<group>"; };
		58A7B5D0229F0E5800C03CAC /* Base */ = {isa = PBXFileReference; lastKnownFileType = file.storyboard; name = Base; path = Base.lproj/Main.storyboard; sourceTree = "<group>"; };
		58A7B5D2229F0E5900C03CAC /* Assets.xcassets */ = {isa = PBXFileReference; lastKnownFileType = folder.assetcatalog; path = Assets.xcassets; sourceTree = "<group>"; };
		58A7B5D5229F0E5900C03CAC /* Base */ = {isa = PBXFileReference; lastKnownFileType = file.storyboard; name = Base; path = Base.lproj/LaunchScreen.storyboard; sourceTree = "<group>"; };
		58A7B5D7229F0E5900C03CAC /* Info.plist */ = {isa = PBXFileReference; lastKnownFileType = text.plist.xml; path = Info.plist; sourceTree = "<group>"; };
		58A7B5DD229F107F00C03CAC /* GoogleService-Info.plist */ = {isa = PBXFileReference; fileEncoding = 4; lastKnownFileType = text.plist.xml; path = "GoogleService-Info.plist"; sourceTree = "<group>"; };
		58A7B5DF229F1E3200C03CAC /* RegisterViewController.swift */ = {isa = PBXFileReference; lastKnownFileType = sourcecode.swift; path = RegisterViewController.swift; sourceTree = "<group>"; };
		58A7B5E1229F3FDD00C03CAC /* LogeadoViewController.swift */ = {isa = PBXFileReference; lastKnownFileType = sourcecode.swift; path = LogeadoViewController.swift; sourceTree = "<group>"; };
		BFFBEBFF00E80665ECF78991 /* Pods_WhatsAppIOS.framework */ = {isa = PBXFileReference; explicitFileType = wrapper.framework; includeInIndex = 0; path = Pods_WhatsAppIOS.framework; sourceTree = BUILT_PRODUCTS_DIR; };
/* End PBXFileReference section */

/* Begin PBXFrameworksBuildPhase section */
		58A7B5C5229F0E5800C03CAC /* Frameworks */ = {
			isa = PBXFrameworksBuildPhase;
			buildActionMask = 2147483647;
			files = (
				D67AB27A8FCF6DF2480005E5 /* Pods_WhatsAppIOS.framework in Frameworks */,
			);
			runOnlyForDeploymentPostprocessing = 0;
		};
/* End PBXFrameworksBuildPhase section */

/* Begin PBXGroup section */
		28A8772122A029BB00CD1D8C /* ViewController */ = {
			isa = PBXGroup;
			children = (
				58A7B5CD229F0E5800C03CAC /* iniciarSesionViewcontroller.swift */,
				58A7B5DF229F1E3200C03CAC /* RegisterViewController.swift */,
				58A7B5E1229F3FDD00C03CAC /* LogeadoViewController.swift */,
				28A8772222A02A1E00CD1D8C /* ElegirContactoViewController.swift */,
			);
			path = ViewController;
			sourceTree = "<group>";
		};
		28A8772422A032F300CD1D8C /* Modelos */ = {
			isa = PBXGroup;
			children = (
				28A8772522A0331D00CD1D8C /* Usuario.swift */,
			);
			path = Modelos;
			sourceTree = "<group>";
		};
		3338A412B1F73045D9B306B1 /* Frameworks */ = {
			isa = PBXGroup;
			children = (
				BFFBEBFF00E80665ECF78991 /* Pods_WhatsAppIOS.framework */,
			);
			name = Frameworks;
			sourceTree = "<group>";
		};
		58A7B5BF229F0E5800C03CAC = {
			isa = PBXGroup;
			children = (
				58A7B5CA229F0E5800C03CAC /* WhatsAppIOS */,
				58A7B5C9229F0E5800C03CAC /* Products */,
				AC7E6B961ACB4EB422FBC74D /* Pods */,
				3338A412B1F73045D9B306B1 /* Frameworks */,
			);
			sourceTree = "<group>";
		};
		58A7B5C9229F0E5800C03CAC /* Products */ = {
			isa = PBXGroup;
			children = (
				58A7B5C8229F0E5800C03CAC /* WhatsAppIOS.app */,
			);
			name = Products;
			sourceTree = "<group>";
		};
		58A7B5CA229F0E5800C03CAC /* WhatsAppIOS */ = {
			isa = PBXGroup;
			children = (
				28A8772422A032F300CD1D8C /* Modelos */,
				28A8772122A029BB00CD1D8C /* ViewController */,
				58A7B5DD229F107F00C03CAC /* GoogleService-Info.plist */,
				58A7B5CB229F0E5800C03CAC /* AppDelegate.swift */,
				58A7B5CF229F0E5800C03CAC /* Main.storyboard */,
				58A7B5D2229F0E5900C03CAC /* Assets.xcassets */,
				58A7B5D4229F0E5900C03CAC /* LaunchScreen.storyboard */,
				58A7B5D7229F0E5900C03CAC /* Info.plist */,
			);
			path = WhatsAppIOS;
			sourceTree = "<group>";
		};
		AC7E6B961ACB4EB422FBC74D /* Pods */ = {
			isa = PBXGroup;
			children = (
				275ACCA2B9118AE3E9381A3F /* Pods-WhatsAppIOS.debug.xcconfig */,
				50A7569367350FAA9873C9A7 /* Pods-WhatsAppIOS.release.xcconfig */,
			);
			path = Pods;
			sourceTree = "<group>";
		};
/* End PBXGroup section */

/* Begin PBXNativeTarget section */
		58A7B5C7229F0E5800C03CAC /* WhatsAppIOS */ = {
			isa = PBXNativeTarget;
			buildConfigurationList = 58A7B5DA229F0E5900C03CAC /* Build configuration list for PBXNativeTarget "WhatsAppIOS" */;
			buildPhases = (
				202D7E1D9DDEEA44061F8156 /* [CP] Check Pods Manifest.lock */,
				58A7B5C4229F0E5800C03CAC /* Sources */,
				58A7B5C5229F0E5800C03CAC /* Frameworks */,
				58A7B5C6229F0E5800C03CAC /* Resources */,
				436BD8DB749A039B248E0438 /* [CP] Embed Pods Frameworks */,
			);
			buildRules = (
			);
			dependencies = (
			);
			name = WhatsAppIOS;
			productName = WhatsAppIOS;
			productReference = 58A7B5C8229F0E5800C03CAC /* WhatsAppIOS.app */;
			productType = "com.apple.product-type.application";
		};
/* End PBXNativeTarget section */

/* Begin PBXProject section */
		58A7B5C0229F0E5800C03CAC /* Project object */ = {
			isa = PBXProject;
			attributes = {
				LastSwiftUpdateCheck = 1010;
				LastUpgradeCheck = 1010;
				ORGANIZATIONNAME = "luis huarachi";
				TargetAttributes = {
					58A7B5C7229F0E5800C03CAC = {
						CreatedOnToolsVersion = 10.1;
					};
				};
			};
			buildConfigurationList = 58A7B5C3229F0E5800C03CAC /* Build configuration list for PBXProject "WhatsAppIOS" */;
			compatibilityVersion = "Xcode 9.3";
			developmentRegion = en;
			hasScannedForEncodings = 0;
			knownRegions = (
				en,
				Base,
			);
			mainGroup = 58A7B5BF229F0E5800C03CAC;
			productRefGroup = 58A7B5C9229F0E5800C03CAC /* Products */;
			projectDirPath = "";
			projectRoot = "";
			targets = (
				58A7B5C7229F0E5800C03CAC /* WhatsAppIOS */,
			);
		};
/* End PBXProject section */

/* Begin PBXResourcesBuildPhase section */
		58A7B5C6229F0E5800C03CAC /* Resources */ = {
			isa = PBXResourcesBuildPhase;
			buildActionMask = 2147483647;
			files = (
				58A7B5D6229F0E5900C03CAC /* LaunchScreen.storyboard in Resources */,
				58A7B5DE229F107F00C03CAC /* GoogleService-Info.plist in Resources */,
				58A7B5D3229F0E5900C03CAC /* Assets.xcassets in Resources */,
				58A7B5D1229F0E5800C03CAC /* Main.storyboard in Resources */,
			);
			runOnlyForDeploymentPostprocessing = 0;
		};
/* End PBXResourcesBuildPhase section */

/* Begin PBXShellScriptBuildPhase section */
		202D7E1D9DDEEA44061F8156 /* [CP] Check Pods Manifest.lock */ = {
			isa = PBXShellScriptBuildPhase;
			buildActionMask = 2147483647;
			files = (
			);
			inputFileListPaths = (
			);
			inputPaths = (
				"${PODS_PODFILE_DIR_PATH}/Podfile.lock",
				"${PODS_ROOT}/Manifest.lock",
			);
			name = "[CP] Check Pods Manifest.lock";
			outputFileListPaths = (
			);
			outputPaths = (
				"$(DERIVED_FILE_DIR)/Pods-WhatsAppIOS-checkManifestLockResult.txt",
			);
			runOnlyForDeploymentPostprocessing = 0;
			shellPath = /bin/sh;
			shellScript = "diff \"${PODS_PODFILE_DIR_PATH}/Podfile.lock\" \"${PODS_ROOT}/Manifest.lock\" > /dev/null\nif [ $? != 0 ] ; then\n    # print error to STDERR\n    echo \"error: The sandbox is not in sync with the Podfile.lock. Run 'pod install' or update your CocoaPods installation.\" >&2\n    exit 1\nfi\n# This output is used by Xcode 'outputs' to avoid re-running this script phase.\necho \"SUCCESS\" > \"${SCRIPT_OUTPUT_FILE_0}\"\n";
			showEnvVarsInLog = 0;
		};
		436BD8DB749A039B248E0438 /* [CP] Embed Pods Frameworks */ = {
			isa = PBXShellScriptBuildPhase;
			buildActionMask = 2147483647;
			files = (
			);
			inputFileListPaths = (
			);
			inputPaths = (
				"${PODS_ROOT}/Target Support Files/Pods-WhatsAppIOS/Pods-WhatsAppIOS-frameworks.sh",
				"${BUILT_PRODUCTS_DIR}/GTMSessionFetcher/GTMSessionFetcher.framework",
				"${BUILT_PRODUCTS_DIR}/GoogleUtilities/GoogleUtilities.framework",
				"${BUILT_PRODUCTS_DIR}/SDWebImage/SDWebImage.framework",
				"${BUILT_PRODUCTS_DIR}/leveldb-library/leveldb.framework",
				"${BUILT_PRODUCTS_DIR}/nanopb/nanopb.framework",
			);
			name = "[CP] Embed Pods Frameworks";
			outputFileListPaths = (
			);
			outputPaths = (
				"${TARGET_BUILD_DIR}/${FRAMEWORKS_FOLDER_PATH}/GTMSessionFetcher.framework",
				"${TARGET_BUILD_DIR}/${FRAMEWORKS_FOLDER_PATH}/GoogleUtilities.framework",
				"${TARGET_BUILD_DIR}/${FRAMEWORKS_FOLDER_PATH}/SDWebImage.framework",
				"${TARGET_BUILD_DIR}/${FRAMEWORKS_FOLDER_PATH}/leveldb.framework",
				"${TARGET_BUILD_DIR}/${FRAMEWORKS_FOLDER_PATH}/nanopb.framework",
			);
			runOnlyForDeploymentPostprocessing = 0;
			shellPath = /bin/sh;
			shellScript = "\"${PODS_ROOT}/Target Support Files/Pods-WhatsAppIOS/Pods-WhatsAppIOS-frameworks.sh\"\n";
			showEnvVarsInLog = 0;
		};
/* End PBXShellScriptBuildPhase section */

/* Begin PBXSourcesBuildPhase section */
		58A7B5C4229F0E5800C03CAC /* Sources */ = {
			isa = PBXSourcesBuildPhase;
			buildActionMask = 2147483647;
			files = (
				58A7B5E2229F3FDD00C03CAC /* LogeadoViewController.swift in Sources */,
				58A7B5E0229F1E3200C03CAC /* RegisterViewController.swift in Sources */,
				28A8772622A0331D00CD1D8C /* Usuario.swift in Sources */,
				28A8772322A02A1E00CD1D8C /* ElegirContactoViewController.swift in Sources */,
				58A7B5CE229F0E5800C03CAC /* iniciarSesionViewcontroller.swift in Sources */,
				58A7B5CC229F0E5800C03CAC /* AppDelegate.swift in Sources */,
			);
			runOnlyForDeploymentPostprocessing = 0;
		};
/* End PBXSourcesBuildPhase section */

/* Begin PBXVariantGroup section */
		58A7B5CF229F0E5800C03CAC /* Main.storyboard */ = {
			isa = PBXVariantGroup;
			children = (
				58A7B5D0229F0E5800C03CAC /* Base */,
			);
			name = Main.storyboard;
			sourceTree = "<group>";
		};
		58A7B5D4229F0E5900C03CAC /* LaunchScreen.storyboard */ = {
			isa = PBXVariantGroup;
			children = (
				58A7B5D5229F0E5900C03CAC /* Base */,
			);
			name = LaunchScreen.storyboard;
			sourceTree = "<group>";
		};
/* End PBXVariantGroup section */

/* Begin XCBuildConfiguration section */
		58A7B5D8229F0E5900C03CAC /* Debug */ = {
			isa = XCBuildConfiguration;
			buildSettings = {
				ALWAYS_SEARCH_USER_PATHS = NO;
				CLANG_ANALYZER_NONNULL = YES;
				CLANG_ANALYZER_NUMBER_OBJECT_CONVERSION = YES_AGGRESSIVE;
				CLANG_CXX_LANGUAGE_STANDARD = "gnu++14";
				CLANG_CXX_LIBRARY = "libc++";
				CLANG_ENABLE_MODULES = YES;
				CLANG_ENABLE_OBJC_ARC = YES;
				CLANG_ENABLE_OBJC_WEAK = YES;
				CLANG_WARN_BLOCK_CAPTURE_AUTORELEASING = YES;
				CLANG_WARN_BOOL_CONVERSION = YES;
				CLANG_WARN_COMMA = YES;
				CLANG_WARN_CONSTANT_CONVERSION = YES;
				CLANG_WARN_DEPRECATED_OBJC_IMPLEMENTATIONS = YES;
				CLANG_WARN_DIRECT_OBJC_ISA_USAGE = YES_ERROR;
				CLANG_WARN_DOCUMENTATION_COMMENTS = YES;
				CLANG_WARN_EMPTY_BODY = YES;
				CLANG_WARN_ENUM_CONVERSION = YES;
				CLANG_WARN_INFINITE_RECURSION = YES;
				CLANG_WARN_INT_CONVERSION = YES;
				CLANG_WARN_NON_LITERAL_NULL_CONVERSION = YES;
				CLANG_WARN_OBJC_IMPLICIT_RETAIN_SELF = YES;
				CLANG_WARN_OBJC_LITERAL_CONVERSION = YES;
				CLANG_WARN_OBJC_ROOT_CLASS = YES_ERROR;
				CLANG_WARN_RANGE_LOOP_ANALYSIS = YES;
				CLANG_WARN_STRICT_PROTOTYPES = YES;
				CLANG_WARN_SUSPICIOUS_MOVE = YES;
				CLANG_WARN_UNGUARDED_AVAILABILITY = YES_AGGRESSIVE;
				CLANG_WARN_UNREACHABLE_CODE = YES;
				CLANG_WARN__DUPLICATE_METHOD_MATCH = YES;
				CODE_SIGN_IDENTITY = "iPhone Developer";
				COPY_PHASE_STRIP = NO;
				DEBUG_INFORMATION_FORMAT = dwarf;
				ENABLE_STRICT_OBJC_MSGSEND = YES;
				ENABLE_TESTABILITY = YES;
				GCC_C_LANGUAGE_STANDARD = gnu11;
				GCC_DYNAMIC_NO_PIC = NO;
				GCC_NO_COMMON_BLOCKS = YES;
				GCC_OPTIMIZATION_LEVEL = 0;
				GCC_PREPROCESSOR_DEFINITIONS = (
					"DEBUG=1",
					"$(inherited)",
				);
				GCC_WARN_64_TO_32_BIT_CONVERSION = YES;
				GCC_WARN_ABOUT_RETURN_TYPE = YES_ERROR;
				GCC_WARN_UNDECLARED_SELECTOR = YES;
				GCC_WARN_UNINITIALIZED_AUTOS = YES_AGGRESSIVE;
				GCC_WARN_UNUSED_FUNCTION = YES;
				GCC_WARN_UNUSED_VARIABLE = YES;
				IPHONEOS_DEPLOYMENT_TARGET = 12.1;
				MTL_ENABLE_DEBUG_INFO = INCLUDE_SOURCE;
				MTL_FAST_MATH = YES;
				ONLY_ACTIVE_ARCH = YES;
				SDKROOT = iphoneos;
				SWIFT_ACTIVE_COMPILATION_CONDITIONS = DEBUG;
				SWIFT_OPTIMIZATION_LEVEL = "-Onone";
			};
			name = Debug;
		};
		58A7B5D9229F0E5900C03CAC /* Release */ = {
			isa = XCBuildConfiguration;
			buildSettings = {
				ALWAYS_SEARCH_USER_PATHS = NO;
				CLANG_ANALYZER_NONNULL = YES;
				CLANG_ANALYZER_NUMBER_OBJECT_CONVERSION = YES_AGGRESSIVE;
				CLANG_CXX_LANGUAGE_STANDARD = "gnu++14";
				CLANG_CXX_LIBRARY = "libc++";
				CLANG_ENABLE_MODULES = YES;
				CLANG_ENABLE_OBJC_ARC = YES;
				CLANG_ENABLE_OBJC_WEAK = YES;
				CLANG_WARN_BLOCK_CAPTURE_AUTORELEASING = YES;
				CLANG_WARN_BOOL_CONVERSION = YES;
				CLANG_WARN_COMMA = YES;
				CLANG_WARN_CONSTANT_CONVERSION = YES;
				CLANG_WARN_DEPRECATED_OBJC_IMPLEMENTATIONS = YES;
				CLANG_WARN_DIRECT_OBJC_ISA_USAGE = YES_ERROR;
				CLANG_WARN_DOCUMENTATION_COMMENTS = YES;
				CLANG_WARN_EMPTY_BODY = YES;
				CLANG_WARN_ENUM_CONVERSION = YES;
				CLANG_WARN_INFINITE_RECURSION = YES;
				CLANG_WARN_INT_CONVERSION = YES;
				CLANG_WARN_NON_LITERAL_NULL_CONVERSION = YES;
				CLANG_WARN_OBJC_IMPLICIT_RETAIN_SELF = YES;
				CLANG_WARN_OBJC_LITERAL_CONVERSION = YES;
				CLANG_WARN_OBJC_ROOT_CLASS = YES_ERROR;
				CLANG_WARN_RANGE_LOOP_ANALYSIS = YES;
				CLANG_WARN_STRICT_PROTOTYPES = YES;
				CLANG_WARN_SUSPICIOUS_MOVE = YES;
				CLANG_WARN_UNGUARDED_AVAILABILITY = YES_AGGRESSIVE;
				CLANG_WARN_UNREACHABLE_CODE = YES;
				CLANG_WARN__DUPLICATE_METHOD_MATCH = YES;
				CODE_SIGN_IDENTITY = "iPhone Developer";
				COPY_PHASE_STRIP = NO;
				DEBUG_INFORMATION_FORMAT = "dwarf-with-dsym";
				ENABLE_NS_ASSERTIONS = NO;
				ENABLE_STRICT_OBJC_MSGSEND = YES;
				GCC_C_LANGUAGE_STANDARD = gnu11;
				GCC_NO_COMMON_BLOCKS = YES;
				GCC_WARN_64_TO_32_BIT_CONVERSION = YES;
				GCC_WARN_ABOUT_RETURN_TYPE = YES_ERROR;
				GCC_WARN_UNDECLARED_SELECTOR = YES;
				GCC_WARN_UNINITIALIZED_AUTOS = YES_AGGRESSIVE;
				GCC_WARN_UNUSED_FUNCTION = YES;
				GCC_WARN_UNUSED_VARIABLE = YES;
				IPHONEOS_DEPLOYMENT_TARGET = 12.1;
				MTL_ENABLE_DEBUG_INFO = NO;
				MTL_FAST_MATH = YES;
				SDKROOT = iphoneos;
				SWIFT_COMPILATION_MODE = wholemodule;
				SWIFT_OPTIMIZATION_LEVEL = "-O";
				VALIDATE_PRODUCT = YES;
			};
			name = Release;
		};
		58A7B5DB229F0E5900C03CAC /* Debug */ = {
			isa = XCBuildConfiguration;
			baseConfigurationReference = 275ACCA2B9118AE3E9381A3F /* Pods-WhatsAppIOS.debug.xcconfig */;
			buildSettings = {
				ASSETCATALOG_COMPILER_APPICON_NAME = AppIcon;
				CODE_SIGN_STYLE = Automatic;
				INFOPLIST_FILE = WhatsAppIOS/Info.plist;
				LD_RUNPATH_SEARCH_PATHS = (
					"$(inherited)",
					"@executable_path/Frameworks",
				);
				PRODUCT_BUNDLE_IDENTIFIER = com.luishuarachi.WhatsAppIOS;
				PRODUCT_NAME = "$(TARGET_NAME)";
				SWIFT_VERSION = 4.2;
				TARGETED_DEVICE_FAMILY = "1,2";
			};
			name = Debug;
		};
		58A7B5DC229F0E5900C03CAC /* Release */ = {
			isa = XCBuildConfiguration;
			baseConfigurationReference = 50A7569367350FAA9873C9A7 /* Pods-WhatsAppIOS.release.xcconfig */;
			buildSettings = {
				ASSETCATALOG_COMPILER_APPICON_NAME = AppIcon;
				CODE_SIGN_STYLE = Automatic;
				INFOPLIST_FILE = WhatsAppIOS/Info.plist;
				LD_RUNPATH_SEARCH_PATHS = (
					"$(inherited)",
					"@executable_path/Frameworks",
				);
				PRODUCT_BUNDLE_IDENTIFIER = com.luishuarachi.WhatsAppIOS;
				PRODUCT_NAME = "$(TARGET_NAME)";
				SWIFT_VERSION = 4.2;
				TARGETED_DEVICE_FAMILY = "1,2";
			};
			name = Release;
		};
/* End XCBuildConfiguration section */

/* Begin XCConfigurationList section */
		58A7B5C3229F0E5800C03CAC /* Build configuration list for PBXProject "WhatsAppIOS" */ = {
			isa = XCConfigurationList;
			buildConfigurations = (
				58A7B5D8229F0E5900C03CAC /* Debug */,
				58A7B5D9229F0E5900C03CAC /* Release */,
			);
			defaultConfigurationIsVisible = 0;
			defaultConfigurationName = Release;
		};
		58A7B5DA229F0E5900C03CAC /* Build configuration list for PBXNativeTarget "WhatsAppIOS" */ = {
			isa = XCConfigurationList;
			buildConfigurations = (
				58A7B5DB229F0E5900C03CAC /* Debug */,
				58A7B5DC229F0E5900C03CAC /* Release */,
			);
			defaultConfigurationIsVisible = 0;
			defaultConfigurationName = Release;
		};
/* End XCConfigurationList section */
	};
	rootObject = 58A7B5C0229F0E5800C03CAC /* Project object */;
}
